
Microsoft Visual Studio Solution File, Format Version 12.00
# Visual Studio Version 16
VisualStudioVersion = 16.0.29411.108
MinimumVisualStudioVersion = 10.0.40219.1
Project("{FAE04EC0-301F-11D3-BF4B-00C04F79EFBC}") = "InternetMarket", "InternetMarket\InternetMarket.csproj", "{E55DF2EC-E564-4DB4-A039-F498BD83CCA4}"
EndProject
Project("{FAE04EC0-301F-11D3-BF4B-00C04F79EFBC}") = "DatabaseLibrary", "..\DatabaseLibrary\DatabaseLibrary\DatabaseLibrary.csproj", "{68B54329-27F5-4E80-AFB5-EC793C8FF69D}"
EndProject
Global
	GlobalSection(SolutionConfigurationPlatforms) = preSolution
		Debug|Any CPU = Debug|Any CPU
		Release|Any CPU = Release|Any CPU
	EndGlobalSection
	GlobalSection(ProjectConfigurationPlatforms) = postSolution
		{E55DF2EC-E564-4DB4-A039-F498BD83CCA4}.Debug|Any CPU.ActiveCfg = Debug|Any CPU
		{E55DF2EC-E564-4DB4-A039-F498BD83CCA4}.Debug|Any CPU.Build.0 = Debug|Any CPU
		{E55DF2EC-E564-4DB4-A039-F498BD83CCA4}.Release|Any CPU.ActiveCfg = Release|Any CPU
		{E55DF2EC-E564-4DB4-A039-F498BD83CCA4}.Release|Any CPU.Build.0 = Release|Any CPU
		{68B54329-27F5-4E80-AFB5-EC793C8FF69D}.Debug|Any CPU.ActiveCfg = Debug|Any CPU
		{68B54329-27F5-4E80-AFB5-EC793C8FF69D}.Debug|Any CPU.Build.0 = Debug|Any CPU
		{68B54329-27F5-4E80-AFB5-EC793C8FF69D}.Release|Any CPU.ActiveCfg = Release|Any CPU
		{68B54329-27F5-4E80-AFB5-EC793C8FF69D}.Release|Any CPU.Build.0 = Release|Any CPU
	EndGlobalSection
	GlobalSection(SolutionProperties) = preSolution
		HideSolutionNode = FALSE
	EndGlobalSection
	GlobalSection(ExtensibilityGlobals) = postSolution
		SolutionGuid = {64839651-3087-4A14-A683-4930346215D2}
	EndGlobalSection
EndGlobal
