
Microsoft Visual Studio Solution File, Format Version 12.00
# Visual Studio Version 16
VisualStudioVersion = 16.0.29728.190
MinimumVisualStudioVersion = 10.0.40219.1
Project("{FAE04EC0-301F-11D3-BF4B-00C04F79EFBC}") = "DatabaseLibrary", "DatabaseLibrary\DatabaseLibrary.csproj", "{68B54329-27F5-4E80-AFB5-EC793C8FF69D}"
EndProject
Global
	GlobalSection(SolutionConfigurationPlatforms) = preSolution
		Debug|Any CPU = Debug|Any CPU
		Release|Any CPU = Release|Any CPU
	EndGlobalSection
	GlobalSection(ProjectConfigurationPlatforms) = postSolution
		{68B54329-27F5-4E80-AFB5-EC793C8FF69D}.Debug|Any CPU.ActiveCfg = Debug|Any CPU
		{68B54329-27F5-4E80-AFB5-EC793C8FF69D}.Debug|Any CPU.Build.0 = Debug|Any CPU
		{68B54329-27F5-4E80-AFB5-EC793C8FF69D}.Release|Any CPU.ActiveCfg = Release|Any CPU
		{68B54329-27F5-4E80-AFB5-EC793C8FF69D}.Release|Any CPU.Build.0 = Release|Any CPU
	EndGlobalSection
	GlobalSection(SolutionProperties) = preSolution
		HideSolutionNode = FALSE
	EndGlobalSection
	GlobalSection(ExtensibilityGlobals) = postSolution
		SolutionGuid = {FB9B493A-A639-4702-8800-1A8CEE5202A6}
	EndGlobalSection
EndGlobal
